// !$*UTF8*$!
{
	archiveVersion = 1;
	classes = {
	};
	objectVersion = 50;
	objects = {

/* Begin PBXBuildFile section */
		0A2D6B07221D3066001281E8 /* AppDelegate.m in Sources */ = {isa = PBXBuildFile; fileRef = 0A2D6B06221D3066001281E8 /* AppDelegate.m */; };
		0A2D6B0A221D3066001281E8 /* ViewController.m in Sources */ = {isa = PBXBuildFile; fileRef = 0A2D6B09221D3066001281E8 /* ViewController.m */; };
		0A2D6B0D221D3066001281E8 /* Main.storyboard in Resources */ = {isa = PBXBuildFile; fileRef = 0A2D6B0B221D3066001281E8 /* Main.storyboard */; };
		0A2D6B0F221D3068001281E8 /* Assets.xcassets in Resources */ = {isa = PBXBuildFile; fileRef = 0A2D6B0E221D3068001281E8 /* Assets.xcassets */; };
		0A2D6B12221D3068001281E8 /* LaunchScreen.storyboard in Resources */ = {isa = PBXBuildFile; fileRef = 0A2D6B10221D3068001281E8 /* LaunchScreen.storyboard */; };
		0A2D6B15221D3068001281E8 /* main.m in Sources */ = {isa = PBXBuildFile; fileRef = 0A2D6B14221D3068001281E8 /* main.m */; };
		0A2D6B1F221D3068001281E8 /* LLYShortVideoPlayerTests.m in Sources */ = {isa = PBXBuildFile; fileRef = 0A2D6B1E221D3068001281E8 /* LLYShortVideoPlayerTests.m */; };
		0A2D6B2A221D3068001281E8 /* LLYShortVideoPlayerUITests.m in Sources */ = {isa = PBXBuildFile; fileRef = 0A2D6B29221D3068001281E8 /* LLYShortVideoPlayerUITests.m */; };
		0A2D6B3B221D3A4E001281E8 /* AVFoundation.framework in Frameworks */ = {isa = PBXBuildFile; fileRef = 0A2D6B3A221D3A4E001281E8 /* AVFoundation.framework */; };
		0A3266F822269A8000A127B7 /* LLYShortVideoPreloadManager.m in Sources */ = {isa = PBXBuildFile; fileRef = 0A3266F722269A8000A127B7 /* LLYShortVideoPreloadManager.m */; };
		0A33BEC9221E86C30074F705 /* LLYShortVideoNoCacheViewController.m in Sources */ = {isa = PBXBuildFile; fileRef = 0A33BEC5221E86C30074F705 /* LLYShortVideoNoCacheViewController.m */; };
		0A33BECA221E86C30074F705 /* LLYCollectionViewCell.m in Sources */ = {isa = PBXBuildFile; fileRef = 0A33BEC8221E86C30074F705 /* LLYCollectionViewCell.m */; };
		0A33BED9221E9A780074F705 /* LLYHttpSessionManager.m in Sources */ = {isa = PBXBuildFile; fileRef = 0A33BED8221E9A780074F705 /* LLYHttpSessionManager.m */; };
		0A3EC4F8222E9B690059280F /* LLYShortVideoCacheViewController.m in Sources */ = {isa = PBXBuildFile; fileRef = 0A3EC4E0222E9B690059280F /* LLYShortVideoCacheViewController.m */; };
		0A3EC4F9222E9B690059280F /* LLYShortVideoManager.m in Sources */ = {isa = PBXBuildFile; fileRef = 0A3EC4E2222E9B690059280F /* LLYShortVideoManager.m */; };
		0A3EC4FA222E9B690059280F /* AVAssetResourceLoadingDataRequest+ShortVideoCache.m in Sources */ = {isa = PBXBuildFile; fileRef = 0A3EC4E3222E9B690059280F /* AVAssetResourceLoadingDataRequest+ShortVideoCache.m */; };
		0A3EC4FB222E9B690059280F /* LLYShortVideoResourceLoader.m in Sources */ = {isa = PBXBuildFile; fileRef = 0A3EC4E4222E9B690059280F /* LLYShortVideoResourceLoader.m */; };
		0A3EC4FC222E9B690059280F /* LLYShortVideoDownloader.m in Sources */ = {isa = PBXBuildFile; fileRef = 0A3EC4ED222E9B690059280F /* LLYShortVideoDownloader.m */; };
		0A3EC4FD222E9B690059280F /* LLYFileManager.m in Sources */ = {isa = PBXBuildFile; fileRef = 0A3EC4EE222E9B690059280F /* LLYFileManager.m */; };
		0A3EC4FE222E9B690059280F /* LLYShortVideoDownloadOperation.m in Sources */ = {isa = PBXBuildFile; fileRef = 0A3EC4F0222E9B690059280F /* LLYShortVideoDownloadOperation.m */; };
		0A3EC4FF222E9B690059280F /* LLYShortVideoCacheConfig.m in Sources */ = {isa = PBXBuildFile; fileRef = 0A3EC4F1222E9B690059280F /* LLYShortVideoCacheConfig.m */; };
		0A3EC500222E9B690059280F /* LLYShortVideoCacher.m in Sources */ = {isa = PBXBuildFile; fileRef = 0A3EC4F2222E9B690059280F /* LLYShortVideoCacher.m */; };
		0A3EC501222E9B690059280F /* LLYShortViedoDiskCacher.m in Sources */ = {isa = PBXBuildFile; fileRef = 0A3EC4F5222E9B690059280F /* LLYShortViedoDiskCacher.m */; };
		0A3EC502222E9B690059280F /* LLYCacheCollectionViewCell.m in Sources */ = {isa = PBXBuildFile; fileRef = 0A3EC4F6222E9B690059280F /* LLYCacheCollectionViewCell.m */; };
		55A2D4CC87A3F50820B11388 /* libPods-LLYShortVideoPlayer.a in Frameworks */ = {isa = PBXBuildFile; fileRef = 478E0519A56F26673D4E2F94 /* libPods-LLYShortVideoPlayer.a */; };
/* End PBXBuildFile section */

/* Begin PBXContainerItemProxy section */
		0A2D6B1B221D3068001281E8 /* PBXContainerItemProxy */ = {
			isa = PBXContainerItemProxy;
			containerPortal = 0A2D6AFA221D3066001281E8 /* Project object */;
			proxyType = 1;
			remoteGlobalIDString = 0A2D6B01221D3066001281E8;
			remoteInfo = LLYShortVideoPlayer;
		};
		0A2D6B26221D3068001281E8 /* PBXContainerItemProxy */ = {
			isa = PBXContainerItemProxy;
			containerPortal = 0A2D6AFA221D3066001281E8 /* Project object */;
			proxyType = 1;
			remoteGlobalIDString = 0A2D6B01221D3066001281E8;
			remoteInfo = LLYShortVideoPlayer;
		};
/* End PBXContainerItemProxy section */

/* Begin PBXFileReference section */
		0A2D6B02221D3066001281E8 /* LLYShortVideoPlayer.app */ = {isa = PBXFileReference; explicitFileType = wrapper.application; includeInIndex = 0; path = LLYShortVideoPlayer.app; sourceTree = BUILT_PRODUCTS_DIR; };
		0A2D6B05221D3066001281E8 /* AppDelegate.h */ = {isa = PBXFileReference; lastKnownFileType = sourcecode.c.h; path = AppDelegate.h; sourceTree = "<group>"; };
		0A2D6B06221D3066001281E8 /* AppDelegate.m */ = {isa = PBXFileReference; lastKnownFileType = sourcecode.c.objc; path = AppDelegate.m; sourceTree = "<group>"; };
		0A2D6B08221D3066001281E8 /* ViewController.h */ = {isa = PBXFileReference; lastKnownFileType = sourcecode.c.h; path = ViewController.h; sourceTree = "<group>"; };
		0A2D6B09221D3066001281E8 /* ViewController.m */ = {isa = PBXFileReference; lastKnownFileType = sourcecode.c.objc; path = ViewController.m; sourceTree = "<group>"; };
		0A2D6B0C221D3066001281E8 /* Base */ = {isa = PBXFileReference; lastKnownFileType = file.storyboard; name = Base; path = Base.lproj/Main.storyboard; sourceTree = "<group>"; };
		0A2D6B0E221D3068001281E8 /* Assets.xcassets */ = {isa = PBXFileReference; lastKnownFileType = folder.assetcatalog; path = Assets.xcassets; sourceTree = "<group>"; };
		0A2D6B11221D3068001281E8 /* Base */ = {isa = PBXFileReference; lastKnownFileType = file.storyboard; name = Base; path = Base.lproj/LaunchScreen.storyboard; sourceTree = "<group>"; };
		0A2D6B13221D3068001281E8 /* Info.plist */ = {isa = PBXFileReference; lastKnownFileType = text.plist.xml; path = Info.plist; sourceTree = "<group>"; };
		0A2D6B14221D3068001281E8 /* main.m */ = {isa = PBXFileReference; lastKnownFileType = sourcecode.c.objc; path = main.m; sourceTree = "<group>"; };
		0A2D6B1A221D3068001281E8 /* LLYShortVideoPlayerTests.xctest */ = {isa = PBXFileReference; explicitFileType = wrapper.cfbundle; includeInIndex = 0; path = LLYShortVideoPlayerTests.xctest; sourceTree = BUILT_PRODUCTS_DIR; };
		0A2D6B1E221D3068001281E8 /* LLYShortVideoPlayerTests.m */ = {isa = PBXFileReference; lastKnownFileType = sourcecode.c.objc; path = LLYShortVideoPlayerTests.m; sourceTree = "<group>"; };
		0A2D6B20221D3068001281E8 /* Info.plist */ = {isa = PBXFileReference; lastKnownFileType = text.plist.xml; path = Info.plist; sourceTree = "<group>"; };
		0A2D6B25221D3068001281E8 /* LLYShortVideoPlayerUITests.xctest */ = {isa = PBXFileReference; explicitFileType = wrapper.cfbundle; includeInIndex = 0; path = LLYShortVideoPlayerUITests.xctest; sourceTree = BUILT_PRODUCTS_DIR; };
		0A2D6B29221D3068001281E8 /* LLYShortVideoPlayerUITests.m */ = {isa = PBXFileReference; lastKnownFileType = sourcecode.c.objc; path = LLYShortVideoPlayerUITests.m; sourceTree = "<group>"; };
		0A2D6B2B221D3068001281E8 /* Info.plist */ = {isa = PBXFileReference; lastKnownFileType = text.plist.xml; path = Info.plist; sourceTree = "<group>"; };
		0A2D6B3A221D3A4E001281E8 /* AVFoundation.framework */ = {isa = PBXFileReference; lastKnownFileType = wrapper.framework; name = AVFoundation.framework; path = System/Library/Frameworks/AVFoundation.framework; sourceTree = SDKROOT; };
		0A3266F622269A8000A127B7 /* LLYShortVideoPreloadManager.h */ = {isa = PBXFileReference; lastKnownFileType = sourcecode.c.h; path = LLYShortVideoPreloadManager.h; sourceTree = "<group>"; };
		0A3266F722269A8000A127B7 /* LLYShortVideoPreloadManager.m */ = {isa = PBXFileReference; lastKnownFileType = sourcecode.c.objc; path = LLYShortVideoPreloadManager.m; sourceTree = "<group>"; };
		0A33BEC5221E86C30074F705 /* LLYShortVideoNoCacheViewController.m */ = {isa = PBXFileReference; fileEncoding = 4; lastKnownFileType = sourcecode.c.objc; path = LLYShortVideoNoCacheViewController.m; sourceTree = "<group>"; };
		0A33BEC6221E86C30074F705 /* LLYCollectionViewCell.h */ = {isa = PBXFileReference; fileEncoding = 4; lastKnownFileType = sourcecode.c.h; path = LLYCollectionViewCell.h; sourceTree = "<group>"; };
		0A33BEC7221E86C30074F705 /* LLYShortVideoNoCacheViewController.h */ = {isa = PBXFileReference; fileEncoding = 4; lastKnownFileType = sourcecode.c.h; path = LLYShortVideoNoCacheViewController.h; sourceTree = "<group>"; };
		0A33BEC8221E86C30074F705 /* LLYCollectionViewCell.m */ = {isa = PBXFileReference; fileEncoding = 4; lastKnownFileType = sourcecode.c.objc; path = LLYCollectionViewCell.m; sourceTree = "<group>"; };
		0A33BED2221E8A8F0074F705 /* LLYShortVideoPlayer.pch */ = {isa = PBXFileReference; lastKnownFileType = sourcecode.c.h; path = LLYShortVideoPlayer.pch; sourceTree = "<group>"; };
		0A33BED7221E9A780074F705 /* LLYHttpSessionManager.h */ = {isa = PBXFileReference; fileEncoding = 4; lastKnownFileType = sourcecode.c.h; path = LLYHttpSessionManager.h; sourceTree = "<group>"; };
		0A33BED8221E9A780074F705 /* LLYHttpSessionManager.m */ = {isa = PBXFileReference; fileEncoding = 4; lastKnownFileType = sourcecode.c.objc; path = LLYHttpSessionManager.m; sourceTree = "<group>"; };
		0A3EC4E0222E9B690059280F /* LLYShortVideoCacheViewController.m */ = {isa = PBXFileReference; fileEncoding = 4; lastKnownFileType = sourcecode.c.objc; path = LLYShortVideoCacheViewController.m; sourceTree = "<group>"; };
		0A3EC4E2222E9B690059280F /* LLYShortVideoManager.m */ = {isa = PBXFileReference; fileEncoding = 4; lastKnownFileType = sourcecode.c.objc; path = LLYShortVideoManager.m; sourceTree = "<group>"; };
		0A3EC4E3222E9B690059280F /* AVAssetResourceLoadingDataRequest+ShortVideoCache.m */ = {isa = PBXFileReference; fileEncoding = 4; lastKnownFileType = sourcecode.c.objc; path = "AVAssetResourceLoadingDataRequest+ShortVideoCache.m"; sourceTree = "<group>"; };
		0A3EC4E4222E9B690059280F /* LLYShortVideoResourceLoader.m */ = {isa = PBXFileReference; fileEncoding = 4; lastKnownFileType = sourcecode.c.objc; path = LLYShortVideoResourceLoader.m; sourceTree = "<group>"; };
		0A3EC4E5222E9B690059280F /* LLYShortVideoManager.h */ = {isa = PBXFileReference; fileEncoding = 4; lastKnownFileType = sourcecode.c.h; path = LLYShortVideoManager.h; sourceTree = "<group>"; };
		0A3EC4E6222E9B690059280F /* LLYShortVideoResourceLoader.h */ = {isa = PBXFileReference; fileEncoding = 4; lastKnownFileType = sourcecode.c.h; path = LLYShortVideoResourceLoader.h; sourceTree = "<group>"; };
		0A3EC4E7222E9B690059280F /* AVAssetResourceLoadingDataRequest+ShortVideoCache.h */ = {isa = PBXFileReference; fileEncoding = 4; lastKnownFileType = sourcecode.c.h; path = "AVAssetResourceLoadingDataRequest+ShortVideoCache.h"; sourceTree = "<group>"; };
		0A3EC4E8222E9B690059280F /* LLYCacheCollectionViewCell.h */ = {isa = PBXFileReference; fileEncoding = 4; lastKnownFileType = sourcecode.c.h; path = LLYCacheCollectionViewCell.h; sourceTree = "<group>"; };
		0A3EC4EA222E9B690059280F /* LLYShortVideoDownloadOperation.h */ = {isa = PBXFileReference; fileEncoding = 4; lastKnownFileType = sourcecode.c.h; path = LLYShortVideoDownloadOperation.h; sourceTree = "<group>"; };
		0A3EC4EB222E9B690059280F /* LLYShortVideoCacheConfig.h */ = {isa = PBXFileReference; fileEncoding = 4; lastKnownFileType = sourcecode.c.h; path = LLYShortVideoCacheConfig.h; sourceTree = "<group>"; };
		0A3EC4EC222E9B690059280F /* LLYShortVideoCacher.h */ = {isa = PBXFileReference; fileEncoding = 4; lastKnownFileType = sourcecode.c.h; path = LLYShortVideoCacher.h; sourceTree = "<group>"; };
		0A3EC4ED222E9B690059280F /* LLYShortVideoDownloader.m */ = {isa = PBXFileReference; fileEncoding = 4; lastKnownFileType = sourcecode.c.objc; path = LLYShortVideoDownloader.m; sourceTree = "<group>"; };
		0A3EC4EE222E9B690059280F /* LLYFileManager.m */ = {isa = PBXFileReference; fileEncoding = 4; lastKnownFileType = sourcecode.c.objc; path = LLYFileManager.m; sourceTree = "<group>"; };
		0A3EC4EF222E9B690059280F /* LLYShortViedoDiskCacher.h */ = {isa = PBXFileReference; fileEncoding = 4; lastKnownFileType = sourcecode.c.h; path = LLYShortViedoDiskCacher.h; sourceTree = "<group>"; };
		0A3EC4F0222E9B690059280F /* LLYShortVideoDownloadOperation.m */ = {isa = PBXFileReference; fileEncoding = 4; lastKnownFileType = sourcecode.c.objc; path = LLYShortVideoDownloadOperation.m; sourceTree = "<group>"; };
		0A3EC4F1222E9B690059280F /* LLYShortVideoCacheConfig.m */ = {isa = PBXFileReference; fileEncoding = 4; lastKnownFileType = sourcecode.c.objc; path = LLYShortVideoCacheConfig.m; sourceTree = "<group>"; };
		0A3EC4F2222E9B690059280F /* LLYShortVideoCacher.m */ = {isa = PBXFileReference; fileEncoding = 4; lastKnownFileType = sourcecode.c.objc; path = LLYShortVideoCacher.m; sourceTree = "<group>"; };
		0A3EC4F3222E9B690059280F /* LLYFileManager.h */ = {isa = PBXFileReference; fileEncoding = 4; lastKnownFileType = sourcecode.c.h; path = LLYFileManager.h; sourceTree = "<group>"; };
		0A3EC4F4222E9B690059280F /* LLYShortVideoDownloader.h */ = {isa = PBXFileReference; fileEncoding = 4; lastKnownFileType = sourcecode.c.h; path = LLYShortVideoDownloader.h; sourceTree = "<group>"; };
		0A3EC4F5222E9B690059280F /* LLYShortViedoDiskCacher.m */ = {isa = PBXFileReference; fileEncoding = 4; lastKnownFileType = sourcecode.c.objc; path = LLYShortViedoDiskCacher.m; sourceTree = "<group>"; };
		0A3EC4F6222E9B690059280F /* LLYCacheCollectionViewCell.m */ = {isa = PBXFileReference; fileEncoding = 4; lastKnownFileType = sourcecode.c.objc; path = LLYCacheCollectionViewCell.m; sourceTree = "<group>"; };
		0A3EC4F7222E9B690059280F /* LLYShortVideoCacheViewController.h */ = {isa = PBXFileReference; fileEncoding = 4; lastKnownFileType = sourcecode.c.h; path = LLYShortVideoCacheViewController.h; sourceTree = "<group>"; };
		478E0519A56F26673D4E2F94 /* libPods-LLYShortVideoPlayer.a */ = {isa = PBXFileReference; explicitFileType = archive.ar; includeInIndex = 0; path = "libPods-LLYShortVideoPlayer.a"; sourceTree = BUILT_PRODUCTS_DIR; };
		B6BA17F6DFB793FAA70B6511 /* Pods-LLYShortVideoPlayer.debug.xcconfig */ = {isa = PBXFileReference; includeInIndex = 1; lastKnownFileType = text.xcconfig; name = "Pods-LLYShortVideoPlayer.debug.xcconfig"; path = "Pods/Target Support Files/Pods-LLYShortVideoPlayer/Pods-LLYShortVideoPlayer.debug.xcconfig"; sourceTree = "<group>"; };
		BAB224A1BF3D8151DF5A4936 /* Pods-LLYShortVideoPlayer.release.xcconfig */ = {isa = PBXFileReference; includeInIndex = 1; lastKnownFileType = text.xcconfig; name = "Pods-LLYShortVideoPlayer.release.xcconfig"; path = "Pods/Target Support Files/Pods-LLYShortVideoPlayer/Pods-LLYShortVideoPlayer.release.xcconfig"; sourceTree = "<group>"; };
/* End PBXFileReference section */

/* Begin PBXFrameworksBuildPhase section */
		0A2D6AFF221D3066001281E8 /* Frameworks */ = {
			isa = PBXFrameworksBuildPhase;
			buildActionMask = 2147483647;
			files = (
				0A2D6B3B221D3A4E001281E8 /* AVFoundation.framework in Frameworks */,
				55A2D4CC87A3F50820B11388 /* libPods-LLYShortVideoPlayer.a in Frameworks */,
			);
			runOnlyForDeploymentPostprocessing = 0;
		};
		0A2D6B17221D3068001281E8 /* Frameworks */ = {
			isa = PBXFrameworksBuildPhase;
			buildActionMask = 2147483647;
			files = (
			);
			runOnlyForDeploymentPostprocessing = 0;
		};
		0A2D6B22221D3068001281E8 /* Frameworks */ = {
			isa = PBXFrameworksBuildPhase;
			buildActionMask = 2147483647;
			files = (
			);
			runOnlyForDeploymentPostprocessing = 0;
		};
/* End PBXFrameworksBuildPhase section */

/* Begin PBXGroup section */
		0A2D6AF9221D3066001281E8 = {
			isa = PBXGroup;
			children = (
				0A2D6B04221D3066001281E8 /* LLYShortVideoPlayer */,
				0A2D6B1D221D3068001281E8 /* LLYShortVideoPlayerTests */,
				0A2D6B28221D3068001281E8 /* LLYShortVideoPlayerUITests */,
				0A2D6B03221D3066001281E8 /* Products */,
				28F323BF5C67FEDE84277603 /* Pods */,
				EF94BD995E1CA99A43390EC4 /* Frameworks */,
			);
			sourceTree = "<group>";
		};
		0A2D6B03221D3066001281E8 /* Products */ = {
			isa = PBXGroup;
			children = (
				0A2D6B02221D3066001281E8 /* LLYShortVideoPlayer.app */,
				0A2D6B1A221D3068001281E8 /* LLYShortVideoPlayerTests.xctest */,
				0A2D6B25221D3068001281E8 /* LLYShortVideoPlayerUITests.xctest */,
			);
			name = Products;
			sourceTree = "<group>";
		};
		0A2D6B04221D3066001281E8 /* LLYShortVideoPlayer */ = {
			isa = PBXGroup;
			children = (
				0A33BED6221E9A780074F705 /* NetManager */,
				0A33BECB221E87880074F705 /* cache */,
				0A33BEC4221E86970074F705 /* nocache */,
				0A2D6B05221D3066001281E8 /* AppDelegate.h */,
				0A2D6B06221D3066001281E8 /* AppDelegate.m */,
				0A2D6B08221D3066001281E8 /* ViewController.h */,
				0A2D6B09221D3066001281E8 /* ViewController.m */,
				0A2D6B0B221D3066001281E8 /* Main.storyboard */,
				0A2D6B0E221D3068001281E8 /* Assets.xcassets */,
				0A2D6B10221D3068001281E8 /* LaunchScreen.storyboard */,
				0A2D6B13221D3068001281E8 /* Info.plist */,
				0A2D6B14221D3068001281E8 /* main.m */,
				0A33BED2221E8A8F0074F705 /* LLYShortVideoPlayer.pch */,
			);
			path = LLYShortVideoPlayer;
			sourceTree = "<group>";
		};
		0A2D6B1D221D3068001281E8 /* LLYShortVideoPlayerTests */ = {
			isa = PBXGroup;
			children = (
				0A2D6B1E221D3068001281E8 /* LLYShortVideoPlayerTests.m */,
				0A2D6B20221D3068001281E8 /* Info.plist */,
			);
			path = LLYShortVideoPlayerTests;
			sourceTree = "<group>";
		};
		0A2D6B28221D3068001281E8 /* LLYShortVideoPlayerUITests */ = {
			isa = PBXGroup;
			children = (
				0A2D6B29221D3068001281E8 /* LLYShortVideoPlayerUITests.m */,
				0A2D6B2B221D3068001281E8 /* Info.plist */,
			);
			path = LLYShortVideoPlayerUITests;
			sourceTree = "<group>";
		};
		0A33BEC4221E86970074F705 /* nocache */ = {
			isa = PBXGroup;
			children = (
				0A33BEC6221E86C30074F705 /* LLYCollectionViewCell.h */,
				0A33BEC8221E86C30074F705 /* LLYCollectionViewCell.m */,
				0A33BEC7221E86C30074F705 /* LLYShortVideoNoCacheViewController.h */,
				0A33BEC5221E86C30074F705 /* LLYShortVideoNoCacheViewController.m */,
				0A3266F622269A8000A127B7 /* LLYShortVideoPreloadManager.h */,
				0A3266F722269A8000A127B7 /* LLYShortVideoPreloadManager.m */,
			);
			path = nocache;
			sourceTree = "<group>";
		};
		0A33BECB221E87880074F705 /* cache */ = {
			isa = PBXGroup;
			children = (
				0A3EC4E1222E9B690059280F /* resourceload */,
				0A3EC4E9222E9B690059280F /* download */,
				0A3EC4E8222E9B690059280F /* LLYCacheCollectionViewCell.h */,
				0A3EC4F6222E9B690059280F /* LLYCacheCollectionViewCell.m */,
				0A3EC4F7222E9B690059280F /* LLYShortVideoCacheViewController.h */,
				0A3EC4E0222E9B690059280F /* LLYShortVideoCacheViewController.m */,
			);
			path = cache;
			sourceTree = "<group>";
		};
		0A33BED6221E9A780074F705 /* NetManager */ = {
			isa = PBXGroup;
			children = (
				0A33BED7221E9A780074F705 /* LLYHttpSessionManager.h */,
				0A33BED8221E9A780074F705 /* LLYHttpSessionManager.m */,
			);
			path = NetManager;
			sourceTree = "<group>";
		};
		0A3EC4E1222E9B690059280F /* resourceload */ = {
			isa = PBXGroup;
			children = (
				0A3EC4E7222E9B690059280F /* AVAssetResourceLoadingDataRequest+ShortVideoCache.h */,
				0A3EC4E3222E9B690059280F /* AVAssetResourceLoadingDataRequest+ShortVideoCache.m */,
				0A3EC4E5222E9B690059280F /* LLYShortVideoManager.h */,
				0A3EC4E2222E9B690059280F /* LLYShortVideoManager.m */,
				0A3EC4E6222E9B690059280F /* LLYShortVideoResourceLoader.h */,
				0A3EC4E4222E9B690059280F /* LLYShortVideoResourceLoader.m */,
			);
			path = resourceload;
			sourceTree = "<group>";
		};
		0A3EC4E9222E9B690059280F /* download */ = {
			isa = PBXGroup;
			children = (
				0A3EC4F3222E9B690059280F /* LLYFileManager.h */,
				0A3EC4EE222E9B690059280F /* LLYFileManager.m */,
				0A3EC4EB222E9B690059280F /* LLYShortVideoCacheConfig.h */,
				0A3EC4F1222E9B690059280F /* LLYShortVideoCacheConfig.m */,
				0A3EC4EC222E9B690059280F /* LLYShortVideoCacher.h */,
				0A3EC4F2222E9B690059280F /* LLYShortVideoCacher.m */,
				0A3EC4F4222E9B690059280F /* LLYShortVideoDownloader.h */,
				0A3EC4ED222E9B690059280F /* LLYShortVideoDownloader.m */,
				0A3EC4EA222E9B690059280F /* LLYShortVideoDownloadOperation.h */,
				0A3EC4F0222E9B690059280F /* LLYShortVideoDownloadOperation.m */,
				0A3EC4EF222E9B690059280F /* LLYShortViedoDiskCacher.h */,
				0A3EC4F5222E9B690059280F /* LLYShortViedoDiskCacher.m */,
			);
			path = download;
			sourceTree = "<group>";
		};
		28F323BF5C67FEDE84277603 /* Pods */ = {
			isa = PBXGroup;
			children = (
				B6BA17F6DFB793FAA70B6511 /* Pods-LLYShortVideoPlayer.debug.xcconfig */,
				BAB224A1BF3D8151DF5A4936 /* Pods-LLYShortVideoPlayer.release.xcconfig */,
			);
			name = Pods;
			sourceTree = "<group>";
		};
		EF94BD995E1CA99A43390EC4 /* Frameworks */ = {
			isa = PBXGroup;
			children = (
				0A2D6B3A221D3A4E001281E8 /* AVFoundation.framework */,
				478E0519A56F26673D4E2F94 /* libPods-LLYShortVideoPlayer.a */,
			);
			name = Frameworks;
			sourceTree = "<group>";
		};
/* End PBXGroup section */

/* Begin PBXNativeTarget section */
		0A2D6B01221D3066001281E8 /* LLYShortVideoPlayer */ = {
			isa = PBXNativeTarget;
			buildConfigurationList = 0A2D6B2E221D3068001281E8 /* Build configuration list for PBXNativeTarget "LLYShortVideoPlayer" */;
			buildPhases = (
				9B65859981F71FB0F392D617 /* [CP] Check Pods Manifest.lock */,
				0A2D6AFE221D3066001281E8 /* Sources */,
				0A2D6AFF221D3066001281E8 /* Frameworks */,
				0A2D6B00221D3066001281E8 /* Resources */,
			);
			buildRules = (
			);
			dependencies = (
			);
			name = LLYShortVideoPlayer;
			productName = LLYShortVideoPlayer;
			productReference = 0A2D6B02221D3066001281E8 /* LLYShortVideoPlayer.app */;
			productType = "com.apple.product-type.application";
		};
		0A2D6B19221D3068001281E8 /* LLYShortVideoPlayerTests */ = {
			isa = PBXNativeTarget;
			buildConfigurationList = 0A2D6B31221D3068001281E8 /* Build configuration list for PBXNativeTarget "LLYShortVideoPlayerTests" */;
			buildPhases = (
				0A2D6B16221D3068001281E8 /* Sources */,
				0A2D6B17221D3068001281E8 /* Frameworks */,
				0A2D6B18221D3068001281E8 /* Resources */,
			);
			buildRules = (
			);
			dependencies = (
				0A2D6B1C221D3068001281E8 /* PBXTargetDependency */,
			);
			name = LLYShortVideoPlayerTests;
			productName = LLYShortVideoPlayerTests;
			productReference = 0A2D6B1A221D3068001281E8 /* LLYShortVideoPlayerTests.xctest */;
			productType = "com.apple.product-type.bundle.unit-test";
		};
		0A2D6B24221D3068001281E8 /* LLYShortVideoPlayerUITests */ = {
			isa = PBXNativeTarget;
			buildConfigurationList = 0A2D6B34221D3068001281E8 /* Build configuration list for PBXNativeTarget "LLYShortVideoPlayerUITests" */;
			buildPhases = (
				0A2D6B21221D3068001281E8 /* Sources */,
				0A2D6B22221D3068001281E8 /* Frameworks */,
				0A2D6B23221D3068001281E8 /* Resources */,
			);
			buildRules = (
			);
			dependencies = (
				0A2D6B27221D3068001281E8 /* PBXTargetDependency */,
			);
			name = LLYShortVideoPlayerUITests;
			productName = LLYShortVideoPlayerUITests;
			productReference = 0A2D6B25221D3068001281E8 /* LLYShortVideoPlayerUITests.xctest */;
			productType = "com.apple.product-type.bundle.ui-testing";
		};
/* End PBXNativeTarget section */

/* Begin PBXProject section */
		0A2D6AFA221D3066001281E8 /* Project object */ = {
			isa = PBXProject;
			attributes = {
				LastUpgradeCheck = 1010;
				ORGANIZATIONNAME = lly;
				TargetAttributes = {
					0A2D6B01221D3066001281E8 = {
						CreatedOnToolsVersion = 10.1;
					};
					0A2D6B19221D3068001281E8 = {
						CreatedOnToolsVersion = 10.1;
						TestTargetID = 0A2D6B01221D3066001281E8;
					};
					0A2D6B24221D3068001281E8 = {
						CreatedOnToolsVersion = 10.1;
						TestTargetID = 0A2D6B01221D3066001281E8;
					};
				};
			};
			buildConfigurationList = 0A2D6AFD221D3066001281E8 /* Build configuration list for PBXProject "LLYShortVideoPlayer" */;
			compatibilityVersion = "Xcode 9.3";
			developmentRegion = en;
			hasScannedForEncodings = 0;
			knownRegions = (
				en,
				Base,
			);
			mainGroup = 0A2D6AF9221D3066001281E8;
			productRefGroup = 0A2D6B03221D3066001281E8 /* Products */;
			projectDirPath = "";
			projectRoot = "";
			targets = (
				0A2D6B01221D3066001281E8 /* LLYShortVideoPlayer */,
				0A2D6B19221D3068001281E8 /* LLYShortVideoPlayerTests */,
				0A2D6B24221D3068001281E8 /* LLYShortVideoPlayerUITests */,
			);
		};
/* End PBXProject section */

/* Begin PBXResourcesBuildPhase section */
		0A2D6B00221D3066001281E8 /* Resources */ = {
			isa = PBXResourcesBuildPhase;
			buildActionMask = 2147483647;
			files = (
				0A2D6B12221D3068001281E8 /* LaunchScreen.storyboard in Resources */,
				0A2D6B0F221D3068001281E8 /* Assets.xcassets in Resources */,
				0A2D6B0D221D3066001281E8 /* Main.storyboard in Resources */,
			);
			runOnlyForDeploymentPostprocessing = 0;
		};
		0A2D6B18221D3068001281E8 /* Resources */ = {
			isa = PBXResourcesBuildPhase;
			buildActionMask = 2147483647;
			files = (
			);
			runOnlyForDeploymentPostprocessing = 0;
		};
		0A2D6B23221D3068001281E8 /* Resources */ = {
			isa = PBXResourcesBuildPhase;
			buildActionMask = 2147483647;
			files = (
			);
			runOnlyForDeploymentPostprocessing = 0;
		};
/* End PBXResourcesBuildPhase section */

/* Begin PBXShellScriptBuildPhase section */
		9B65859981F71FB0F392D617 /* [CP] Check Pods Manifest.lock */ = {
			isa = PBXShellScriptBuildPhase;
			buildActionMask = 2147483647;
			files = (
			);
			inputFileListPaths = (
			);
			inputPaths = (
				"${PODS_PODFILE_DIR_PATH}/Podfile.lock",
				"${PODS_ROOT}/Manifest.lock",
			);
			name = "[CP] Check Pods Manifest.lock";
			outputFileListPaths = (
			);
			outputPaths = (
				"$(DERIVED_FILE_DIR)/Pods-LLYShortVideoPlayer-checkManifestLockResult.txt",
			);
			runOnlyForDeploymentPostprocessing = 0;
			shellPath = /bin/sh;
			shellScript = "diff \"${PODS_PODFILE_DIR_PATH}/Podfile.lock\" \"${PODS_ROOT}/Manifest.lock\" > /dev/null\nif [ $? != 0 ] ; then\n    # print error to STDERR\n    echo \"error: The sandbox is not in sync with the Podfile.lock. Run 'pod install' or update your CocoaPods installation.\" >&2\n    exit 1\nfi\n# This output is used by Xcode 'outputs' to avoid re-running this script phase.\necho \"SUCCESS\" > \"${SCRIPT_OUTPUT_FILE_0}\"\n";
			showEnvVarsInLog = 0;
		};
/* End PBXShellScriptBuildPhase section */

/* Begin PBXSourcesBuildPhase section */
		0A2D6AFE221D3066001281E8 /* Sources */ = {
			isa = PBXSourcesBuildPhase;
			buildActionMask = 2147483647;
			files = (
				0A3EC4FA222E9B690059280F /* AVAssetResourceLoadingDataRequest+ShortVideoCache.m in Sources */,
				0A3EC501222E9B690059280F /* LLYShortViedoDiskCacher.m in Sources */,
				0A3EC4F8222E9B690059280F /* LLYShortVideoCacheViewController.m in Sources */,
				0A2D6B0A221D3066001281E8 /* ViewController.m in Sources */,
				0A3EC4FF222E9B690059280F /* LLYShortVideoCacheConfig.m in Sources */,
				0A3EC4FC222E9B690059280F /* LLYShortVideoDownloader.m in Sources */,
				0A3EC4FB222E9B690059280F /* LLYShortVideoResourceLoader.m in Sources */,
				0A2D6B15221D3068001281E8 /* main.m in Sources */,
				0A3EC4FE222E9B690059280F /* LLYShortVideoDownloadOperation.m in Sources */,
				0A3EC502222E9B690059280F /* LLYCacheCollectionViewCell.m in Sources */,
				0A3EC4FD222E9B690059280F /* LLYFileManager.m in Sources */,
				0A3266F822269A8000A127B7 /* LLYShortVideoPreloadManager.m in Sources */,
				0A2D6B07221D3066001281E8 /* AppDelegate.m in Sources */,
				0A33BEC9221E86C30074F705 /* LLYShortVideoNoCacheViewController.m in Sources */,
				0A3EC4F9222E9B690059280F /* LLYShortVideoManager.m in Sources */,
				0A33BED9221E9A780074F705 /* LLYHttpSessionManager.m in Sources */,
				0A3EC500222E9B690059280F /* LLYShortVideoCacher.m in Sources */,
				0A33BECA221E86C30074F705 /* LLYCollectionViewCell.m in Sources */,
			);
			runOnlyForDeploymentPostprocessing = 0;
		};
		0A2D6B16221D3068001281E8 /* Sources */ = {
			isa = PBXSourcesBuildPhase;
			buildActionMask = 2147483647;
			files = (
				0A2D6B1F221D3068001281E8 /* LLYShortVideoPlayerTests.m in Sources */,
			);
			runOnlyForDeploymentPostprocessing = 0;
		};
		0A2D6B21221D3068001281E8 /* Sources */ = {
			isa = PBXSourcesBuildPhase;
			buildActionMask = 2147483647;
			files = (
				0A2D6B2A221D3068001281E8 /* LLYShortVideoPlayerUITests.m in Sources */,
			);
			runOnlyForDeploymentPostprocessing = 0;
		};
/* End PBXSourcesBuildPhase section */

/* Begin PBXTargetDependency section */
		0A2D6B1C221D3068001281E8 /* PBXTargetDependency */ = {
			isa = PBXTargetDependency;
			target = 0A2D6B01221D3066001281E8 /* LLYShortVideoPlayer */;
			targetProxy = 0A2D6B1B221D3068001281E8 /* PBXContainerItemProxy */;
		};
		0A2D6B27221D3068001281E8 /* PBXTargetDependency */ = {
			isa = PBXTargetDependency;
			target = 0A2D6B01221D3066001281E8 /* LLYShortVideoPlayer */;
			targetProxy = 0A2D6B26221D3068001281E8 /* PBXContainerItemProxy */;
		};
/* End PBXTargetDependency section */

/* Begin PBXVariantGroup section */
		0A2D6B0B221D3066001281E8 /* Main.storyboard */ = {
			isa = PBXVariantGroup;
			children = (
				0A2D6B0C221D3066001281E8 /* Base */,
			);
			name = Main.storyboard;
			sourceTree = "<group>";
		};
		0A2D6B10221D3068001281E8 /* LaunchScreen.storyboard */ = {
			isa = PBXVariantGroup;
			children = (
				0A2D6B11221D3068001281E8 /* Base */,
			);
			name = LaunchScreen.storyboard;
			sourceTree = "<group>";
		};
/* End PBXVariantGroup section */

/* Begin XCBuildConfiguration section */
		0A2D6B2C221D3068001281E8 /* Debug */ = {
			isa = XCBuildConfiguration;
			buildSettings = {
				ALWAYS_SEARCH_USER_PATHS = NO;
				CLANG_ANALYZER_NONNULL = YES;
				CLANG_ANALYZER_NUMBER_OBJECT_CONVERSION = YES_AGGRESSIVE;
				CLANG_CXX_LANGUAGE_STANDARD = "gnu++14";
				CLANG_CXX_LIBRARY = "libc++";
				CLANG_ENABLE_MODULES = YES;
				CLANG_ENABLE_OBJC_ARC = YES;
				CLANG_ENABLE_OBJC_WEAK = YES;
				CLANG_WARN_BLOCK_CAPTURE_AUTORELEASING = YES;
				CLANG_WARN_BOOL_CONVERSION = YES;
				CLANG_WARN_COMMA = YES;
				CLANG_WARN_CONSTANT_CONVERSION = YES;
				CLANG_WARN_DEPRECATED_OBJC_IMPLEMENTATIONS = YES;
				CLANG_WARN_DIRECT_OBJC_ISA_USAGE = YES_ERROR;
				CLANG_WARN_DOCUMENTATION_COMMENTS = YES;
				CLANG_WARN_EMPTY_BODY = YES;
				CLANG_WARN_ENUM_CONVERSION = YES;
				CLANG_WARN_INFINITE_RECURSION = YES;
				CLANG_WARN_INT_CONVERSION = YES;
				CLANG_WARN_NON_LITERAL_NULL_CONVERSION = YES;
				CLANG_WARN_OBJC_IMPLICIT_RETAIN_SELF = YES;
				CLANG_WARN_OBJC_LITERAL_CONVERSION = YES;
				CLANG_WARN_OBJC_ROOT_CLASS = YES_ERROR;
				CLANG_WARN_RANGE_LOOP_ANALYSIS = YES;
				CLANG_WARN_STRICT_PROTOTYPES = YES;
				CLANG_WARN_SUSPICIOUS_MOVE = YES;
				CLANG_WARN_UNGUARDED_AVAILABILITY = YES_AGGRESSIVE;
				CLANG_WARN_UNREACHABLE_CODE = YES;
				CLANG_WARN__DUPLICATE_METHOD_MATCH = YES;
				CODE_SIGN_IDENTITY = "iPhone Developer";
				COPY_PHASE_STRIP = NO;
				DEBUG_INFORMATION_FORMAT = dwarf;
				ENABLE_STRICT_OBJC_MSGSEND = YES;
				ENABLE_TESTABILITY = YES;
				GCC_C_LANGUAGE_STANDARD = gnu11;
				GCC_DYNAMIC_NO_PIC = NO;
				GCC_NO_COMMON_BLOCKS = YES;
				GCC_OPTIMIZATION_LEVEL = 0;
				GCC_PREPROCESSOR_DEFINITIONS = (
					"DEBUG=1",
					"$(inherited)",
				);
				GCC_WARN_64_TO_32_BIT_CONVERSION = YES;
				GCC_WARN_ABOUT_RETURN_TYPE = YES_ERROR;
				GCC_WARN_UNDECLARED_SELECTOR = YES;
				GCC_WARN_UNINITIALIZED_AUTOS = YES_AGGRESSIVE;
				GCC_WARN_UNUSED_FUNCTION = YES;
				GCC_WARN_UNUSED_VARIABLE = YES;
				IPHONEOS_DEPLOYMENT_TARGET = 12.1;
				MTL_ENABLE_DEBUG_INFO = INCLUDE_SOURCE;
				MTL_FAST_MATH = YES;
				ONLY_ACTIVE_ARCH = YES;
				SDKROOT = iphoneos;
			};
			name = Debug;
		};
		0A2D6B2D221D3068001281E8 /* Release */ = {
			isa = XCBuildConfiguration;
			buildSettings = {
				ALWAYS_SEARCH_USER_PATHS = NO;
				CLANG_ANALYZER_NONNULL = YES;
				CLANG_ANALYZER_NUMBER_OBJECT_CONVERSION = YES_AGGRESSIVE;
				CLANG_CXX_LANGUAGE_STANDARD = "gnu++14";
				CLANG_CXX_LIBRARY = "libc++";
				CLANG_ENABLE_MODULES = YES;
				CLANG_ENABLE_OBJC_ARC = YES;
				CLANG_ENABLE_OBJC_WEAK = YES;
				CLANG_WARN_BLOCK_CAPTURE_AUTORELEASING = YES;
				CLANG_WARN_BOOL_CONVERSION = YES;
				CLANG_WARN_COMMA = YES;
				CLANG_WARN_CONSTANT_CONVERSION = YES;
				CLANG_WARN_DEPRECATED_OBJC_IMPLEMENTATIONS = YES;
				CLANG_WARN_DIRECT_OBJC_ISA_USAGE = YES_ERROR;
				CLANG_WARN_DOCUMENTATION_COMMENTS = YES;
				CLANG_WARN_EMPTY_BODY = YES;
				CLANG_WARN_ENUM_CONVERSION = YES;
				CLANG_WARN_INFINITE_RECURSION = YES;
				CLANG_WARN_INT_CONVERSION = YES;
				CLANG_WARN_NON_LITERAL_NULL_CONVERSION = YES;
				CLANG_WARN_OBJC_IMPLICIT_RETAIN_SELF = YES;
				CLANG_WARN_OBJC_LITERAL_CONVERSION = YES;
				CLANG_WARN_OBJC_ROOT_CLASS = YES_ERROR;
				CLANG_WARN_RANGE_LOOP_ANALYSIS = YES;
				CLANG_WARN_STRICT_PROTOTYPES = YES;
				CLANG_WARN_SUSPICIOUS_MOVE = YES;
				CLANG_WARN_UNGUARDED_AVAILABILITY = YES_AGGRESSIVE;
				CLANG_WARN_UNREACHABLE_CODE = YES;
				CLANG_WARN__DUPLICATE_METHOD_MATCH = YES;
				CODE_SIGN_IDENTITY = "iPhone Developer";
				COPY_PHASE_STRIP = NO;
				DEBUG_INFORMATION_FORMAT = "dwarf-with-dsym";
				ENABLE_NS_ASSERTIONS = NO;
				ENABLE_STRICT_OBJC_MSGSEND = YES;
				GCC_C_LANGUAGE_STANDARD = gnu11;
				GCC_NO_COMMON_BLOCKS = YES;
				GCC_WARN_64_TO_32_BIT_CONVERSION = YES;
				GCC_WARN_ABOUT_RETURN_TYPE = YES_ERROR;
				GCC_WARN_UNDECLARED_SELECTOR = YES;
				GCC_WARN_UNINITIALIZED_AUTOS = YES_AGGRESSIVE;
				GCC_WARN_UNUSED_FUNCTION = YES;
				GCC_WARN_UNUSED_VARIABLE = YES;
				IPHONEOS_DEPLOYMENT_TARGET = 12.1;
				MTL_ENABLE_DEBUG_INFO = NO;
				MTL_FAST_MATH = YES;
				SDKROOT = iphoneos;
				VALIDATE_PRODUCT = YES;
			};
			name = Release;
		};
		0A2D6B2F221D3068001281E8 /* Debug */ = {
			isa = XCBuildConfiguration;
			baseConfigurationReference = B6BA17F6DFB793FAA70B6511 /* Pods-LLYShortVideoPlayer.debug.xcconfig */;
			buildSettings = {
				ASSETCATALOG_COMPILER_APPICON_NAME = AppIcon;
				CODE_SIGN_STYLE = Automatic;
				DEVELOPMENT_TEAM = PW2BL84NY9;
				GCC_PREFIX_HEADER = "$(SRCROOT)/LLYShortVideoPlayer/LLYShortVideoPlayer.pch";
				INFOPLIST_FILE = LLYShortVideoPlayer/Info.plist;
				IPHONEOS_DEPLOYMENT_TARGET = 8.0;
				LD_RUNPATH_SEARCH_PATHS = (
					"$(inherited)",
					"@executable_path/Frameworks",
				);
				PRODUCT_BUNDLE_IDENTIFIER = com.lly.LLYShortVideoPlayer;
				PRODUCT_NAME = "$(TARGET_NAME)";
				TARGETED_DEVICE_FAMILY = "1,2";
			};
			name = Debug;
		};
		0A2D6B30221D3068001281E8 /* Release */ = {
			isa = XCBuildConfiguration;
			baseConfigurationReference = BAB224A1BF3D8151DF5A4936 /* Pods-LLYShortVideoPlayer.release.xcconfig */;
			buildSettings = {
				ASSETCATALOG_COMPILER_APPICON_NAME = AppIcon;
				CODE_SIGN_STYLE = Automatic;
				DEVELOPMENT_TEAM = PW2BL84NY9;
				GCC_PREFIX_HEADER = "$(SRCROOT)/LLYShortVideoPlayer/LLYShortVideoPlayer.pch";
				INFOPLIST_FILE = LLYShortVideoPlayer/Info.plist;
				IPHONEOS_DEPLOYMENT_TARGET = 8.0;
				LD_RUNPATH_SEARCH_PATHS = (
					"$(inherited)",
					"@executable_path/Frameworks",
				);
				PRODUCT_BUNDLE_IDENTIFIER = com.lly.LLYShortVideoPlayer;
				PRODUCT_NAME = "$(TARGET_NAME)";
				TARGETED_DEVICE_FAMILY = "1,2";
			};
			name = Release;
		};
		0A2D6B32221D3068001281E8 /* Debug */ = {
			isa = XCBuildConfiguration;
			buildSettings = {
				BUNDLE_LOADER = "$(TEST_HOST)";
				CODE_SIGN_STYLE = Automatic;
				DEVELOPMENT_TEAM = PW2BL84NY9;
				INFOPLIST_FILE = LLYShortVideoPlayerTests/Info.plist;
				LD_RUNPATH_SEARCH_PATHS = (
					"$(inherited)",
					"@executable_path/Frameworks",
					"@loader_path/Frameworks",
				);
				PRODUCT_BUNDLE_IDENTIFIER = com.lly.LLYShortVideoPlayerTests;
				PRODUCT_NAME = "$(TARGET_NAME)";
				TARGETED_DEVICE_FAMILY = "1,2";
				TEST_HOST = "$(BUILT_PRODUCTS_DIR)/LLYShortVideoPlayer.app/LLYShortVideoPlayer";
			};
			name = Debug;
		};
		0A2D6B33221D3068001281E8 /* Release */ = {
			isa = XCBuildConfiguration;
			buildSettings = {
				BUNDLE_LOADER = "$(TEST_HOST)";
				CODE_SIGN_STYLE = Automatic;
				DEVELOPMENT_TEAM = PW2BL84NY9;
				INFOPLIST_FILE = LLYShortVideoPlayerTests/Info.plist;
				LD_RUNPATH_SEARCH_PATHS = (
					"$(inherited)",
					"@executable_path/Frameworks",
					"@loader_path/Frameworks",
				);
				PRODUCT_BUNDLE_IDENTIFIER = com.lly.LLYShortVideoPlayerTests;
				PRODUCT_NAME = "$(TARGET_NAME)";
				TARGETED_DEVICE_FAMILY = "1,2";
				TEST_HOST = "$(BUILT_PRODUCTS_DIR)/LLYShortVideoPlayer.app/LLYShortVideoPlayer";
			};
			name = Release;
		};
		0A2D6B35221D3068001281E8 /* Debug */ = {
			isa = XCBuildConfiguration;
			buildSettings = {
				CODE_SIGN_STYLE = Automatic;
				DEVELOPMENT_TEAM = PW2BL84NY9;
				INFOPLIST_FILE = LLYShortVideoPlayerUITests/Info.plist;
				LD_RUNPATH_SEARCH_PATHS = (
					"$(inherited)",
					"@executable_path/Frameworks",
					"@loader_path/Frameworks",
				);
				PRODUCT_BUNDLE_IDENTIFIER = com.lly.LLYShortVideoPlayerUITests;
				PRODUCT_NAME = "$(TARGET_NAME)";
				TARGETED_DEVICE_FAMILY = "1,2";
				TEST_TARGET_NAME = LLYShortVideoPlayer;
			};
			name = Debug;
		};
		0A2D6B36221D3068001281E8 /* Release */ = {
			isa = XCBuildConfiguration;
			buildSettings = {
				CODE_SIGN_STYLE = Automatic;
				DEVELOPMENT_TEAM = PW2BL84NY9;
				INFOPLIST_FILE = LLYShortVideoPlayerUITests/Info.plist;
				LD_RUNPATH_SEARCH_PATHS = (
					"$(inherited)",
					"@executable_path/Frameworks",
					"@loader_path/Frameworks",
				);
				PRODUCT_BUNDLE_IDENTIFIER = com.lly.LLYShortVideoPlayerUITests;
				PRODUCT_NAME = "$(TARGET_NAME)";
				TARGETED_DEVICE_FAMILY = "1,2";
				TEST_TARGET_NAME = LLYShortVideoPlayer;
			};
			name = Release;
		};
/* End XCBuildConfiguration section */

/* Begin XCConfigurationList section */
		0A2D6AFD221D3066001281E8 /* Build configuration list for PBXProject "LLYShortVideoPlayer" */ = {
			isa = XCConfigurationList;
			buildConfigurations = (
				0A2D6B2C221D3068001281E8 /* Debug */,
				0A2D6B2D221D3068001281E8 /* Release */,
			);
			defaultConfigurationIsVisible = 0;
			defaultConfigurationName = Release;
		};
		0A2D6B2E221D3068001281E8 /* Build configuration list for PBXNativeTarget "LLYShortVideoPlayer" */ = {
			isa = XCConfigurationList;
			buildConfigurations = (
				0A2D6B2F221D3068001281E8 /* Debug */,
				0A2D6B30221D3068001281E8 /* Release */,
			);
			defaultConfigurationIsVisible = 0;
			defaultConfigurationName = Release;
		};
		0A2D6B31221D3068001281E8 /* Build configuration list for PBXNativeTarget "LLYShortVideoPlayerTests" */ = {
			isa = XCConfigurationList;
			buildConfigurations = (
				0A2D6B32221D3068001281E8 /* Debug */,
				0A2D6B33221D3068001281E8 /* Release */,
			);
			defaultConfigurationIsVisible = 0;
			defaultConfigurationName = Release;
		};
		0A2D6B34221D3068001281E8 /* Build configuration list for PBXNativeTarget "LLYShortVideoPlayerUITests" */ = {
			isa = XCConfigurationList;
			buildConfigurations = (
				0A2D6B35221D3068001281E8 /* Debug */,
				0A2D6B36221D3068001281E8 /* Release */,
			);
			defaultConfigurationIsVisible = 0;
			defaultConfigurationName = Release;
		};
/* End XCConfigurationList section */
	};
	rootObject = 0A2D6AFA221D3066001281E8 /* Project object */;
}
